
Microsoft Visual Studio Solution File, Format Version 12.00
# Visual Studio Version 17
VisualStudioVersion = 17.5.33502.453
MinimumVisualStudioVersion = 10.0.40219.1
Project("{8BC9CEB8-8B4A-11D0-8D11-00A0C91BC942}") = "printf_key", "printf_key\printf_key.vcxproj", "{F7D5B94A-64DA-43E1-931C-B52AF58B39CE}"
EndProject
Global
	GlobalSection(SolutionConfigurationPlatforms) = preSolution
		Debug|x64 = Debug|x64
		Debug|x86 = Debug|x86
		Release|x64 = Release|x64
		Release|x86 = Release|x86
	EndGlobalSection
	GlobalSection(ProjectConfigurationPlatforms) = postSolution
		{F7D5B94A-64DA-43E1-931C-B52AF58B39CE}.Debug|x64.ActiveCfg = Debug|x64
		{F7D5B94A-64DA-43E1-931C-B52AF58B39CE}.Debug|x64.Build.0 = Debug|x64
		{F7D5B94A-64DA-43E1-931C-B52AF58B39CE}.Debug|x86.ActiveCfg = Debug|Win32
		{F7D5B94A-64DA-43E1-931C-B52AF58B39CE}.Debug|x86.Build.0 = Debug|Win32
		{F7D5B94A-64DA-43E1-931C-B52AF58B39CE}.Release|x64.ActiveCfg = Release|x64
		{F7D5B94A-64DA-43E1-931C-B52AF58B39CE}.Release|x64.Build.0 = Release|x64
		{F7D5B94A-64DA-43E1-931C-B52AF58B39CE}.Release|x86.ActiveCfg = Release|Win32
		{F7D5B94A-64DA-43E1-931C-B52AF58B39CE}.Release|x86.Build.0 = Release|Win32
	EndGlobalSection
	GlobalSection(SolutionProperties) = preSolution
		HideSolutionNode = FALSE
	EndGlobalSection
	GlobalSection(ExtensibilityGlobals) = postSolution
		SolutionGuid = {6858C009-E8E6-4760-8792-DD3F7DEB8062}
	EndGlobalSection
EndGlobal
