
Microsoft Visual Studio Solution File, Format Version 12.00
# Visual Studio Version 17
VisualStudioVersion = 17.5.33502.453
MinimumVisualStudioVersion = 10.0.40219.1
Project("{8BC9CEB8-8B4A-11D0-8D11-00A0C91BC942}") = "二叉树", "二叉树\二叉树.vcxproj", "{8C8AB978-94E0-4425-93F9-DB066EC10E6D}"
EndProject
Project("{8BC9CEB8-8B4A-11D0-8D11-00A0C91BC942}") = "二刷二叉树", "二刷二叉树\二刷二叉树.vcxproj", "{A31E6EA5-B5BB-4D76-8C78-EBF96F9BEE49}"
EndProject
Project("{8BC9CEB8-8B4A-11D0-8D11-00A0C91BC942}") = "层次遍历二叉树以及封装思想", "层次遍历二叉树以及封装思想\层次遍历二叉树以及封装思想.vcxproj", "{87A34F2E-2642-4A08-9BD2-BFA9DF644CFA}"
EndProject
Project("{8BC9CEB8-8B4A-11D0-8D11-00A0C91BC942}") = "2014二叉树考研真题", "2014二叉树考研真题\2014二叉树考研真题.vcxproj", "{E4ADA498-F04F-45E8-BAC5-92F1330F612D}"
EndProject
Project("{8BC9CEB8-8B4A-11D0-8D11-00A0C91BC942}") = "二叉排序树", "二叉排序树\二叉排序树.vcxproj", "{6E561416-7F99-4700-94D7-121263DCF6A6}"
EndProject
Global
	GlobalSection(SolutionConfigurationPlatforms) = preSolution
		Debug|x64 = Debug|x64
		Debug|x86 = Debug|x86
		Release|x64 = Release|x64
		Release|x86 = Release|x86
	EndGlobalSection
	GlobalSection(ProjectConfigurationPlatforms) = postSolution
		{8C8AB978-94E0-4425-93F9-DB066EC10E6D}.Debug|x64.ActiveCfg = Debug|x64
		{8C8AB978-94E0-4425-93F9-DB066EC10E6D}.Debug|x64.Build.0 = Debug|x64
		{8C8AB978-94E0-4425-93F9-DB066EC10E6D}.Debug|x86.ActiveCfg = Debug|Win32
		{8C8AB978-94E0-4425-93F9-DB066EC10E6D}.Debug|x86.Build.0 = Debug|Win32
		{8C8AB978-94E0-4425-93F9-DB066EC10E6D}.Release|x64.ActiveCfg = Release|x64
		{8C8AB978-94E0-4425-93F9-DB066EC10E6D}.Release|x64.Build.0 = Release|x64
		{8C8AB978-94E0-4425-93F9-DB066EC10E6D}.Release|x86.ActiveCfg = Release|Win32
		{8C8AB978-94E0-4425-93F9-DB066EC10E6D}.Release|x86.Build.0 = Release|Win32
		{A31E6EA5-B5BB-4D76-8C78-EBF96F9BEE49}.Debug|x64.ActiveCfg = Debug|x64
		{A31E6EA5-B5BB-4D76-8C78-EBF96F9BEE49}.Debug|x64.Build.0 = Debug|x64
		{A31E6EA5-B5BB-4D76-8C78-EBF96F9BEE49}.Debug|x86.ActiveCfg = Debug|Win32
		{A31E6EA5-B5BB-4D76-8C78-EBF96F9BEE49}.Debug|x86.Build.0 = Debug|Win32
		{A31E6EA5-B5BB-4D76-8C78-EBF96F9BEE49}.Release|x64.ActiveCfg = Release|x64
		{A31E6EA5-B5BB-4D76-8C78-EBF96F9BEE49}.Release|x64.Build.0 = Release|x64
		{A31E6EA5-B5BB-4D76-8C78-EBF96F9BEE49}.Release|x86.ActiveCfg = Release|Win32
		{A31E6EA5-B5BB-4D76-8C78-EBF96F9BEE49}.Release|x86.Build.0 = Release|Win32
		{87A34F2E-2642-4A08-9BD2-BFA9DF644CFA}.Debug|x64.ActiveCfg = Debug|x64
		{87A34F2E-2642-4A08-9BD2-BFA9DF644CFA}.Debug|x64.Build.0 = Debug|x64
		{87A34F2E-2642-4A08-9BD2-BFA9DF644CFA}.Debug|x86.ActiveCfg = Debug|Win32
		{87A34F2E-2642-4A08-9BD2-BFA9DF644CFA}.Debug|x86.Build.0 = Debug|Win32
		{87A34F2E-2642-4A08-9BD2-BFA9DF644CFA}.Release|x64.ActiveCfg = Release|x64
		{87A34F2E-2642-4A08-9BD2-BFA9DF644CFA}.Release|x64.Build.0 = Release|x64
		{87A34F2E-2642-4A08-9BD2-BFA9DF644CFA}.Release|x86.ActiveCfg = Release|Win32
		{87A34F2E-2642-4A08-9BD2-BFA9DF644CFA}.Release|x86.Build.0 = Release|Win32
		{E4ADA498-F04F-45E8-BAC5-92F1330F612D}.Debug|x64.ActiveCfg = Debug|x64
		{E4ADA498-F04F-45E8-BAC5-92F1330F612D}.Debug|x64.Build.0 = Debug|x64
		{E4ADA498-F04F-45E8-BAC5-92F1330F612D}.Debug|x86.ActiveCfg = Debug|Win32
		{E4ADA498-F04F-45E8-BAC5-92F1330F612D}.Debug|x86.Build.0 = Debug|Win32
		{E4ADA498-F04F-45E8-BAC5-92F1330F612D}.Release|x64.ActiveCfg = Release|x64
		{E4ADA498-F04F-45E8-BAC5-92F1330F612D}.Release|x64.Build.0 = Release|x64
		{E4ADA498-F04F-45E8-BAC5-92F1330F612D}.Release|x86.ActiveCfg = Release|Win32
		{E4ADA498-F04F-45E8-BAC5-92F1330F612D}.Release|x86.Build.0 = Release|Win32
		{6E561416-7F99-4700-94D7-121263DCF6A6}.Debug|x64.ActiveCfg = Debug|x64
		{6E561416-7F99-4700-94D7-121263DCF6A6}.Debug|x64.Build.0 = Debug|x64
		{6E561416-7F99-4700-94D7-121263DCF6A6}.Debug|x86.ActiveCfg = Debug|Win32
		{6E561416-7F99-4700-94D7-121263DCF6A6}.Debug|x86.Build.0 = Debug|Win32
		{6E561416-7F99-4700-94D7-121263DCF6A6}.Release|x64.ActiveCfg = Release|x64
		{6E561416-7F99-4700-94D7-121263DCF6A6}.Release|x64.Build.0 = Release|x64
		{6E561416-7F99-4700-94D7-121263DCF6A6}.Release|x86.ActiveCfg = Release|Win32
		{6E561416-7F99-4700-94D7-121263DCF6A6}.Release|x86.Build.0 = Release|Win32
	EndGlobalSection
	GlobalSection(SolutionProperties) = preSolution
		HideSolutionNode = FALSE
	EndGlobalSection
	GlobalSection(ExtensibilityGlobals) = postSolution
		SolutionGuid = {6A12953F-AA81-4CA3-8A17-400F6728E600}
	EndGlobalSection
EndGlobal
